
Microsoft Visual Studio Solution File, Format Version 12.00
# Visual Studio Version 17
VisualStudioVersion = 17.0.31903.59
MinimumVisualStudioVersion = 10.0.40219.1
Project("{2150E333-8FDC-42A3-9474-1A3956D46DE8}") = "src", "src", "{827E0CD3-B72D-47B6-A68D-7590B98EB39B}"
EndProject
Project("{FAE04EC0-301F-11D3-BF4B-00C04F79EFBC}") = "MarkPad.Core", "src\MarkPad.Core\MarkPad.Core.csproj", "{53F17AA4-CE74-4301-B304-1374D6023A3C}"
EndProject
Project("{2150E333-8FDC-42A3-9474-1A3956D46DE8}") = "tests", "tests", "{0AB3BF05-4346-4AA6-1389-037BE0695223}"
EndProject
Project("{FAE04EC0-301F-11D3-BF4B-00C04F79EFBC}") = "MarkPad.Core.Tests", "tests\MarkPad.Core.Tests\MarkPad.Core.Tests.csproj", "{4F02BF19-8D78-4F65-8DAA-F40F4EA325C7}"
EndProject
Project("{FAE04EC0-301F-11D3-BF4B-00C04F79EFBC}") = "MarkPad.App", "src\MarkPad.App\MarkPad.App.csproj", "{F41DFC28-ADA5-4452-9164-9DC936F27A73}"
EndProject
Global
	GlobalSection(SolutionConfigurationPlatforms) = preSolution
		Debug|Any CPU = Debug|Any CPU
		Debug|x64 = Debug|x64
		Debug|x86 = Debug|x86
		Release|Any CPU = Release|Any CPU
		Release|x64 = Release|x64
		Release|x86 = Release|x86
	EndGlobalSection
	GlobalSection(ProjectConfigurationPlatforms) = postSolution
		{53F17AA4-CE74-4301-B304-1374D6023A3C}.Debug|Any CPU.ActiveCfg = Debug|Any CPU
		{53F17AA4-CE74-4301-B304-1374D6023A3C}.Debug|Any CPU.Build.0 = Debug|Any CPU
		{53F17AA4-CE74-4301-B304-1374D6023A3C}.Debug|x64.ActiveCfg = Debug|Any CPU
		{53F17AA4-CE74-4301-B304-1374D6023A3C}.Debug|x64.Build.0 = Debug|Any CPU
		{53F17AA4-CE74-4301-B304-1374D6023A3C}.Debug|x86.ActiveCfg = Debug|Any CPU
		{53F17AA4-CE74-4301-B304-1374D6023A3C}.Debug|x86.Build.0 = Debug|Any CPU
		{53F17AA4-CE74-4301-B304-1374D6023A3C}.Release|Any CPU.ActiveCfg = Release|Any CPU
		{53F17AA4-CE74-4301-B304-1374D6023A3C}.Release|Any CPU.Build.0 = Release|Any CPU
		{53F17AA4-CE74-4301-B304-1374D6023A3C}.Release|x64.ActiveCfg = Release|Any CPU
		{53F17AA4-CE74-4301-B304-1374D6023A3C}.Release|x64.Build.0 = Release|Any CPU
		{53F17AA4-CE74-4301-B304-1374D6023A3C}.Release|x86.ActiveCfg = Release|Any CPU
		{53F17AA4-CE74-4301-B304-1374D6023A3C}.Release|x86.Build.0 = Release|Any CPU
		{4F02BF19-8D78-4F65-8DAA-F40F4EA325C7}.Debug|Any CPU.ActiveCfg = Debug|Any CPU
		{4F02BF19-8D78-4F65-8DAA-F40F4EA325C7}.Debug|Any CPU.Build.0 = Debug|Any CPU
		{4F02BF19-8D78-4F65-8DAA-F40F4EA325C7}.Debug|x64.ActiveCfg = Debug|Any CPU
		{4F02BF19-8D78-4F65-8DAA-F40F4EA325C7}.Debug|x64.Build.0 = Debug|Any CPU
		{4F02BF19-8D78-4F65-8DAA-F40F4EA325C7}.Debug|x86.ActiveCfg = Debug|Any CPU
		{4F02BF19-8D78-4F65-8DAA-F40F4EA325C7}.Debug|x86.Build.0 = Debug|Any CPU
		{4F02BF19-8D78-4F65-8DAA-F40F4EA325C7}.Release|Any CPU.ActiveCfg = Release|Any CPU
		{4F02BF19-8D78-4F65-8DAA-F40F4EA325C7}.Release|Any CPU.Build.0 = Release|Any CPU
		{4F02BF19-8D78-4F65-8DAA-F40F4EA325C7}.Release|x64.ActiveCfg = Release|Any CPU
		{4F02BF19-8D78-4F65-8DAA-F40F4EA325C7}.Release|x64.Build.0 = Release|Any CPU
		{4F02BF19-8D78-4F65-8DAA-F40F4EA325C7}.Release|x86.ActiveCfg = Release|Any CPU
		{4F02BF19-8D78-4F65-8DAA-F40F4EA325C7}.Release|x86.Build.0 = Release|Any CPU
		{F41DFC28-ADA5-4452-9164-9DC936F27A73}.Debug|Any CPU.ActiveCfg = Debug|x64
		{F41DFC28-ADA5-4452-9164-9DC936F27A73}.Debug|Any CPU.Build.0 = Debug|x64
		{F41DFC28-ADA5-4452-9164-9DC936F27A73}.Debug|x64.ActiveCfg = Debug|x64
		{F41DFC28-ADA5-4452-9164-9DC936F27A73}.Debug|x64.Build.0 = Debug|x64
		{F41DFC28-ADA5-4452-9164-9DC936F27A73}.Debug|x86.ActiveCfg = Debug|x64
		{F41DFC28-ADA5-4452-9164-9DC936F27A73}.Debug|x86.Build.0 = Debug|x64
		{F41DFC28-ADA5-4452-9164-9DC936F27A73}.Release|Any CPU.ActiveCfg = Release|x64
		{F41DFC28-ADA5-4452-9164-9DC936F27A73}.Release|Any CPU.Build.0 = Release|x64
		{F41DFC28-ADA5-4452-9164-9DC936F27A73}.Release|x64.ActiveCfg = Release|x64
		{F41DFC28-ADA5-4452-9164-9DC936F27A73}.Release|x64.Build.0 = Release|x64
		{F41DFC28-ADA5-4452-9164-9DC936F27A73}.Release|x86.ActiveCfg = Release|x64
		{F41DFC28-ADA5-4452-9164-9DC936F27A73}.Release|x86.Build.0 = Release|x64
	EndGlobalSection
	GlobalSection(SolutionProperties) = preSolution
		HideSolutionNode = FALSE
	EndGlobalSection
	GlobalSection(NestedProjects) = preSolution
		{53F17AA4-CE74-4301-B304-1374D6023A3C} = {827E0CD3-B72D-47B6-A68D-7590B98EB39B}
		{4F02BF19-8D78-4F65-8DAA-F40F4EA325C7} = {0AB3BF05-4346-4AA6-1389-037BE0695223}
		{F41DFC28-ADA5-4452-9164-9DC936F27A73} = {827E0CD3-B72D-47B6-A68D-7590B98EB39B}
	EndGlobalSection
EndGlobal
